
Microsoft Visual Studio Solution File, Format Version 12.00
# Visual Studio Version 17
VisualStudioVersion = 17.14.36202.13 d17.14
MinimumVisualStudioVersion = 10.0.40219.1
Project("{FAE04EC0-301F-11D3-BF4B-00C04F79EFBC}") = "address_base", "address_base\address_base.csproj", "{36F9AE5A-9969-4D7B-9AF2-37ECCFF2BF69}"
EndProject
Global
	GlobalSection(SolutionConfigurationPlatforms) = preSolution
		Debug|Any CPU = Debug|Any CPU
		Release|Any CPU = Release|Any CPU
	EndGlobalSection
	GlobalSection(ProjectConfigurationPlatforms) = postSolution
		{36F9AE5A-9969-4D7B-9AF2-37ECCFF2BF69}.Debug|Any CPU.ActiveCfg = Debug|Any CPU
		{36F9AE5A-9969-4D7B-9AF2-37ECCFF2BF69}.Debug|Any CPU.Build.0 = Debug|Any CPU
		{36F9AE5A-9969-4D7B-9AF2-37ECCFF2BF69}.Release|Any CPU.ActiveCfg = Release|Any CPU
		{36F9AE5A-9969-4D7B-9AF2-37ECCFF2BF69}.Release|Any CPU.Build.0 = Release|Any CPU
	EndGlobalSection
	GlobalSection(SolutionProperties) = preSolution
		HideSolutionNode = FALSE
	EndGlobalSection
	GlobalSection(ExtensibilityGlobals) = postSolution
		SolutionGuid = {1B87976F-18B9-4746-ACB6-A2B313B31067}
	EndGlobalSection
EndGlobal
